
Microsoft Visual Studio Solution File, Format Version 12.00
# Visual Studio Version 17
VisualStudioVersion = 17.0.31903.59
MinimumVisualStudioVersion = 10.0.40219.1
Project("{9A19103F-16F7-4668-BE54-9A1E7A4F7556}") = "Fleet.Api", "src\api\Fleet.Api\Fleet.Api.csproj", "{20DA21AC-0447-40AA-BE2A-0438E7CCC5C2}"
EndProject
Project("{9A19103F-16F7-4668-BE54-9A1E7A4F7556}") = "Fleet.Vehicles", "src\vehicles\Fleet.Vehicles\Fleet.Vehicles.csproj", "{18C044E0-A7C4-45E3-AB63-95C12BF40E59}"
EndProject
Project("{9A19103F-16F7-4668-BE54-9A1E7A4F7556}") = "Fleet.Models", "src\common\Fleet.Common\Fleet.Models.csproj", "{F5553953-D2EB-4147-B65E-64BEB43651B1}"
EndProject
Project("{2150E333-8FDC-42A3-9474-1A3956D46DE8}") = "Components", "Components", "{39F58836-9B10-4163-8465-DFD0DD5A465B}"
EndProject
Project("{2150E333-8FDC-42A3-9474-1A3956D46DE8}") = "Library", "Library", "{4964319B-5159-46DC-B936-D6F44849165B}"
EndProject
Project("{2150E333-8FDC-42A3-9474-1A3956D46DE8}") = "Common", "Common", "{A6A4A65F-9BE8-46D3-B988-D651BC41E9A4}"
EndProject
Project("{2150E333-8FDC-42A3-9474-1A3956D46DE8}") = "Vehicles", "Vehicles", "{9BBD8193-DC68-45FC-943E-1EEAD9F3F01D}"
EndProject
Project("{2150E333-8FDC-42A3-9474-1A3956D46DE8}") = "Files", "Files", "{98707CD1-E8F1-4567-B66A-53F261EF11CF}"
EndProject
Project("{9A19103F-16F7-4668-BE54-9A1E7A4F7556}") = "Fleet.Files.Models", "Fleet.Files.Models\Fleet.Files.Models.csproj", "{23DC0754-1112-447A-B4AD-FDE3F5D5780A}"
EndProject
Project("{9A19103F-16F7-4668-BE54-9A1E7A4F7556}") = "Fleet.Files.Services", "Fleet.Files.Services\Fleet.Files.Services.csproj", "{0A3BE011-BF50-4A57-A527-ACB4E593545A}"
EndProject
Project("{9A19103F-16F7-4668-BE54-9A1E7A4F7556}") = "Fleet.Files.Tests", "Fleet.Files.Integration.Tests\Fleet.Files.Tests.csproj", "{9414598A-5A2B-41FA-99B2-5E42443CEE2C}"
EndProject
Project("{FAE04EC0-301F-11D3-BF4B-00C04F79EFBC}") = "Fleet.Files.Repository", "Fleet.Files.Repository\Fleet.Files.Repository.csproj", "{AA58D491-3A6A-4646-80C8-668401A4D25C}"
EndProject
Project("{9A19103F-16F7-4668-BE54-9A1E7A4F7556}") = "Fleet.Files", "Fleet.Files\Fleet.Files.csproj", "{4758986E-3F02-4B9D-A0BB-C45F166C96C6}"
EndProject
Global
	GlobalSection(SolutionConfigurationPlatforms) = preSolution
		Debug|Any CPU = Debug|Any CPU
		Release|Any CPU = Release|Any CPU
	EndGlobalSection
	GlobalSection(ProjectConfigurationPlatforms) = postSolution
		{20DA21AC-0447-40AA-BE2A-0438E7CCC5C2}.Debug|Any CPU.ActiveCfg = Debug|Any CPU
		{20DA21AC-0447-40AA-BE2A-0438E7CCC5C2}.Debug|Any CPU.Build.0 = Debug|Any CPU
		{20DA21AC-0447-40AA-BE2A-0438E7CCC5C2}.Release|Any CPU.ActiveCfg = Release|Any CPU
		{20DA21AC-0447-40AA-BE2A-0438E7CCC5C2}.Release|Any CPU.Build.0 = Release|Any CPU
		{18C044E0-A7C4-45E3-AB63-95C12BF40E59}.Debug|Any CPU.ActiveCfg = Debug|Any CPU
		{18C044E0-A7C4-45E3-AB63-95C12BF40E59}.Debug|Any CPU.Build.0 = Debug|Any CPU
		{18C044E0-A7C4-45E3-AB63-95C12BF40E59}.Release|Any CPU.ActiveCfg = Release|Any CPU
		{18C044E0-A7C4-45E3-AB63-95C12BF40E59}.Release|Any CPU.Build.0 = Release|Any CPU
		{F5553953-D2EB-4147-B65E-64BEB43651B1}.Debug|Any CPU.ActiveCfg = Debug|Any CPU
		{F5553953-D2EB-4147-B65E-64BEB43651B1}.Debug|Any CPU.Build.0 = Debug|Any CPU
		{F5553953-D2EB-4147-B65E-64BEB43651B1}.Release|Any CPU.ActiveCfg = Release|Any CPU
		{F5553953-D2EB-4147-B65E-64BEB43651B1}.Release|Any CPU.Build.0 = Release|Any CPU
		{23DC0754-1112-447A-B4AD-FDE3F5D5780A}.Debug|Any CPU.ActiveCfg = Debug|Any CPU
		{23DC0754-1112-447A-B4AD-FDE3F5D5780A}.Debug|Any CPU.Build.0 = Debug|Any CPU
		{23DC0754-1112-447A-B4AD-FDE3F5D5780A}.Release|Any CPU.ActiveCfg = Release|Any CPU
		{23DC0754-1112-447A-B4AD-FDE3F5D5780A}.Release|Any CPU.Build.0 = Release|Any CPU
		{0A3BE011-BF50-4A57-A527-ACB4E593545A}.Debug|Any CPU.ActiveCfg = Debug|Any CPU
		{0A3BE011-BF50-4A57-A527-ACB4E593545A}.Debug|Any CPU.Build.0 = Debug|Any CPU
		{0A3BE011-BF50-4A57-A527-ACB4E593545A}.Release|Any CPU.ActiveCfg = Release|Any CPU
		{0A3BE011-BF50-4A57-A527-ACB4E593545A}.Release|Any CPU.Build.0 = Release|Any CPU
		{9414598A-5A2B-41FA-99B2-5E42443CEE2C}.Debug|Any CPU.ActiveCfg = Debug|Any CPU
		{9414598A-5A2B-41FA-99B2-5E42443CEE2C}.Debug|Any CPU.Build.0 = Debug|Any CPU
		{9414598A-5A2B-41FA-99B2-5E42443CEE2C}.Release|Any CPU.ActiveCfg = Release|Any CPU
		{9414598A-5A2B-41FA-99B2-5E42443CEE2C}.Release|Any CPU.Build.0 = Release|Any CPU
		{AA58D491-3A6A-4646-80C8-668401A4D25C}.Debug|Any CPU.ActiveCfg = Debug|Any CPU
		{AA58D491-3A6A-4646-80C8-668401A4D25C}.Debug|Any CPU.Build.0 = Debug|Any CPU
		{AA58D491-3A6A-4646-80C8-668401A4D25C}.Release|Any CPU.ActiveCfg = Release|Any CPU
		{AA58D491-3A6A-4646-80C8-668401A4D25C}.Release|Any CPU.Build.0 = Release|Any CPU
		{4758986E-3F02-4B9D-A0BB-C45F166C96C6}.Debug|Any CPU.ActiveCfg = Debug|Any CPU
		{4758986E-3F02-4B9D-A0BB-C45F166C96C6}.Debug|Any CPU.Build.0 = Debug|Any CPU
		{4758986E-3F02-4B9D-A0BB-C45F166C96C6}.Release|Any CPU.ActiveCfg = Release|Any CPU
		{4758986E-3F02-4B9D-A0BB-C45F166C96C6}.Release|Any CPU.Build.0 = Release|Any CPU
	EndGlobalSection
	GlobalSection(SolutionProperties) = preSolution
		HideSolutionNode = FALSE
	EndGlobalSection
	GlobalSection(NestedProjects) = preSolution
		{18C044E0-A7C4-45E3-AB63-95C12BF40E59} = {9BBD8193-DC68-45FC-943E-1EEAD9F3F01D}
		{F5553953-D2EB-4147-B65E-64BEB43651B1} = {A6A4A65F-9BE8-46D3-B988-D651BC41E9A4}
		{A6A4A65F-9BE8-46D3-B988-D651BC41E9A4} = {4964319B-5159-46DC-B936-D6F44849165B}
		{9BBD8193-DC68-45FC-943E-1EEAD9F3F01D} = {39F58836-9B10-4163-8465-DFD0DD5A465B}
		{98707CD1-E8F1-4567-B66A-53F261EF11CF} = {39F58836-9B10-4163-8465-DFD0DD5A465B}
		{23DC0754-1112-447A-B4AD-FDE3F5D5780A} = {98707CD1-E8F1-4567-B66A-53F261EF11CF}
		{0A3BE011-BF50-4A57-A527-ACB4E593545A} = {98707CD1-E8F1-4567-B66A-53F261EF11CF}
		{9414598A-5A2B-41FA-99B2-5E42443CEE2C} = {98707CD1-E8F1-4567-B66A-53F261EF11CF}
		{AA58D491-3A6A-4646-80C8-668401A4D25C} = {98707CD1-E8F1-4567-B66A-53F261EF11CF}
		{4758986E-3F02-4B9D-A0BB-C45F166C96C6} = {98707CD1-E8F1-4567-B66A-53F261EF11CF}
	EndGlobalSection
	GlobalSection(ExtensibilityGlobals) = postSolution
		SolutionGuid = {5BABFAEC-1A60-4BDF-A3E5-5B4F0223DDD7}
	EndGlobalSection
EndGlobal
